
Microsoft Visual Studio Solution File, Format Version 12.00
# Visual Studio 14
VisualStudioVersion = 14.0.25420.1
MinimumVisualStudioVersion = 10.0.40219.1
Project("{FAE04EC0-301F-11D3-BF4B-00C04F79EFBC}") = "HowToRunPowerShell", "HowToRunPowerShell\HowToRunPowerShell.csproj", "{23EFEEB7-FE12-4DC1-9CEB-C49CE0857571}"
EndProject
Project("{2150E333-8FDC-42A3-9474-1A3956D46DE8}") = "Solution Items", "Solution Items", "{35676665-92E7-40DD-8BF4-4396F183D1DA}"
	ProjectSection(SolutionItems) = preProject
		WebEssentials2015-Settings.json = WebEssentials2015-Settings.json
	EndProjectSection
EndProject
Global
	GlobalSection(SolutionConfigurationPlatforms) = preSolution
		Debug|Any CPU = Debug|Any CPU
		Release|Any CPU = Release|Any CPU
	EndGlobalSection
	GlobalSection(ProjectConfigurationPlatforms) = postSolution
		{23EFEEB7-FE12-4DC1-9CEB-C49CE0857571}.Debug|Any CPU.ActiveCfg = Debug|Any CPU
		{23EFEEB7-FE12-4DC1-9CEB-C49CE0857571}.Debug|Any CPU.Build.0 = Debug|Any CPU
		{23EFEEB7-FE12-4DC1-9CEB-C49CE0857571}.Release|Any CPU.ActiveCfg = Release|Any CPU
		{23EFEEB7-FE12-4DC1-9CEB-C49CE0857571}.Release|Any CPU.Build.0 = Release|Any CPU
	EndGlobalSection
	GlobalSection(SolutionProperties) = preSolution
		HideSolutionNode = FALSE
	EndGlobalSection
EndGlobal
